
Microsoft Visual Studio Solution File, Format Version 12.00
# Visual Studio Version 16
VisualStudioVersion = 16.0.31005.135
MinimumVisualStudioVersion = 10.0.40219.1
Project("{9A19103F-16F7-4668-BE54-9A1E7A4F7556}") = "Rev1.API.Security", "Rev1.API.Security\Rev1.API.Security.csproj", "{04201BED-89A5-4397-8306-B319808C52E0}"
EndProject
Project("{2150E333-8FDC-42A3-9474-1A3956D46DE8}") = "Web", "Web", "{C3091D4D-7533-4565-8941-04BB63D45058}"
EndProject
Project("{2150E333-8FDC-42A3-9474-1A3956D46DE8}") = "Services", "Services", "{6C6F20E0-7962-4AA6-9E8C-F54537E1B35A}"
EndProject
Project("{9A19103F-16F7-4668-BE54-9A1E7A4F7556}") = "Rev1.API.Security.Business", "Rev1.API.Security.Business\Rev1.API.Security.Business.csproj", "{A695CA5D-D008-4969-A9A5-94557988A103}"
EndProject
Project("{9A19103F-16F7-4668-BE54-9A1E7A4F7556}") = "Rev1.API.Security.Business.Contract", "Rev1.API.Security.Business.Contract\Rev1.API.Security.Business.Contract.csproj", "{E4591626-5D1C-4EEC-8B50-A37C746EC4DF}"
EndProject
Project("{9A19103F-16F7-4668-BE54-9A1E7A4F7556}") = "Rev1.API.Security.Business.Entities", "Rev1.API.Security.Business.Entities\Rev1.API.Security.Business.Entities.csproj", "{4F33FB76-4878-4A4E-BD47-ED22F23B3965}"
EndProject
Project("{2150E333-8FDC-42A3-9474-1A3956D46DE8}") = "Data", "Data", "{1F93F676-0A1B-40E1-AE81-5D010122E1C2}"
EndProject
Project("{9A19103F-16F7-4668-BE54-9A1E7A4F7556}") = "Rev1.API.Security.Data", "Rev1.API.Security.Data\Rev1.API.Security.Data.csproj", "{50909B71-6F28-4AF8-9FCD-F68DC0C523B4}"
EndProject
Project("{9A19103F-16F7-4668-BE54-9A1E7A4F7556}") = "Rev1.API.Security.Data.Contract", "Rev1.API.Security.Data.Contract\Rev1.API.Security.Data.Contract.csproj", "{5EA394A1-C69C-40A8-968C-68FAAC298F65}"
EndProject
Project("{9A19103F-16F7-4668-BE54-9A1E7A4F7556}") = "Rev1.API.Security.Data.Entities", "Rev1.API.Security.Data.Entities\Rev1.API.Security.Data.Entities.csproj", "{A4AEAAA3-2B8C-4270-A15E-AA8BCB8F8E62}"
EndProject
Project("{2150E333-8FDC-42A3-9474-1A3956D46DE8}") = "Common", "Common", "{DA467807-51CE-4113-AEA5-85BF5247D2AA}"
EndProject
Project("{9A19103F-16F7-4668-BE54-9A1E7A4F7556}") = "Rev1.API.Security.Utils", "Rev1.API.Security.Utils\Rev1.API.Security.Utils.csproj", "{064C87B3-4B75-4541-9A09-BB55B60326AE}"
EndProject
Project("{9A19103F-16F7-4668-BE54-9A1E7A4F7556}") = "Rev1.API.Security.Bootstrapper", "Rev1.API.Security.Bootstrapper\Rev1.API.Security.Bootstrapper.csproj", "{BEE3DAB8-2500-42A6-AD79-997448731D9B}"
EndProject
Project("{2150E333-8FDC-42A3-9474-1A3956D46DE8}") = "Test", "Test", "{EAFD4DD1-1D35-421E-ACDB-75B19C757877}"
EndProject
Project("{9A19103F-16F7-4668-BE54-9A1E7A4F7556}") = "Rev1.API.Security.Test", "Rev1.API.Security.Test\Rev1.API.Security.Test.csproj", "{E0E40B8C-C468-462F-B08F-8BE7714E469C}"
EndProject
Global
	GlobalSection(SolutionConfigurationPlatforms) = preSolution
		Debug|Any CPU = Debug|Any CPU
		Release|Any CPU = Release|Any CPU
	EndGlobalSection
	GlobalSection(ProjectConfigurationPlatforms) = postSolution
		{04201BED-89A5-4397-8306-B319808C52E0}.Debug|Any CPU.ActiveCfg = Debug|Any CPU
		{04201BED-89A5-4397-8306-B319808C52E0}.Debug|Any CPU.Build.0 = Debug|Any CPU
		{04201BED-89A5-4397-8306-B319808C52E0}.Release|Any CPU.ActiveCfg = Release|Any CPU
		{04201BED-89A5-4397-8306-B319808C52E0}.Release|Any CPU.Build.0 = Release|Any CPU
		{A695CA5D-D008-4969-A9A5-94557988A103}.Debug|Any CPU.ActiveCfg = Debug|Any CPU
		{A695CA5D-D008-4969-A9A5-94557988A103}.Debug|Any CPU.Build.0 = Debug|Any CPU
		{A695CA5D-D008-4969-A9A5-94557988A103}.Release|Any CPU.ActiveCfg = Release|Any CPU
		{A695CA5D-D008-4969-A9A5-94557988A103}.Release|Any CPU.Build.0 = Release|Any CPU
		{E4591626-5D1C-4EEC-8B50-A37C746EC4DF}.Debug|Any CPU.ActiveCfg = Debug|Any CPU
		{E4591626-5D1C-4EEC-8B50-A37C746EC4DF}.Debug|Any CPU.Build.0 = Debug|Any CPU
		{E4591626-5D1C-4EEC-8B50-A37C746EC4DF}.Release|Any CPU.ActiveCfg = Release|Any CPU
		{E4591626-5D1C-4EEC-8B50-A37C746EC4DF}.Release|Any CPU.Build.0 = Release|Any CPU
		{4F33FB76-4878-4A4E-BD47-ED22F23B3965}.Debug|Any CPU.ActiveCfg = Debug|Any CPU
		{4F33FB76-4878-4A4E-BD47-ED22F23B3965}.Debug|Any CPU.Build.0 = Debug|Any CPU
		{4F33FB76-4878-4A4E-BD47-ED22F23B3965}.Release|Any CPU.ActiveCfg = Release|Any CPU
		{4F33FB76-4878-4A4E-BD47-ED22F23B3965}.Release|Any CPU.Build.0 = Release|Any CPU
		{50909B71-6F28-4AF8-9FCD-F68DC0C523B4}.Debug|Any CPU.ActiveCfg = Debug|Any CPU
		{50909B71-6F28-4AF8-9FCD-F68DC0C523B4}.Debug|Any CPU.Build.0 = Debug|Any CPU
		{50909B71-6F28-4AF8-9FCD-F68DC0C523B4}.Release|Any CPU.ActiveCfg = Release|Any CPU
		{50909B71-6F28-4AF8-9FCD-F68DC0C523B4}.Release|Any CPU.Build.0 = Release|Any CPU
		{5EA394A1-C69C-40A8-968C-68FAAC298F65}.Debug|Any CPU.ActiveCfg = Debug|Any CPU
		{5EA394A1-C69C-40A8-968C-68FAAC298F65}.Debug|Any CPU.Build.0 = Debug|Any CPU
		{5EA394A1-C69C-40A8-968C-68FAAC298F65}.Release|Any CPU.ActiveCfg = Release|Any CPU
		{5EA394A1-C69C-40A8-968C-68FAAC298F65}.Release|Any CPU.Build.0 = Release|Any CPU
		{A4AEAAA3-2B8C-4270-A15E-AA8BCB8F8E62}.Debug|Any CPU.ActiveCfg = Debug|Any CPU
		{A4AEAAA3-2B8C-4270-A15E-AA8BCB8F8E62}.Debug|Any CPU.Build.0 = Debug|Any CPU
		{A4AEAAA3-2B8C-4270-A15E-AA8BCB8F8E62}.Release|Any CPU.ActiveCfg = Release|Any CPU
		{A4AEAAA3-2B8C-4270-A15E-AA8BCB8F8E62}.Release|Any CPU.Build.0 = Release|Any CPU
		{064C87B3-4B75-4541-9A09-BB55B60326AE}.Debug|Any CPU.ActiveCfg = Debug|Any CPU
		{064C87B3-4B75-4541-9A09-BB55B60326AE}.Debug|Any CPU.Build.0 = Debug|Any CPU
		{064C87B3-4B75-4541-9A09-BB55B60326AE}.Release|Any CPU.ActiveCfg = Release|Any CPU
		{064C87B3-4B75-4541-9A09-BB55B60326AE}.Release|Any CPU.Build.0 = Release|Any CPU
		{BEE3DAB8-2500-42A6-AD79-997448731D9B}.Debug|Any CPU.ActiveCfg = Debug|Any CPU
		{BEE3DAB8-2500-42A6-AD79-997448731D9B}.Debug|Any CPU.Build.0 = Debug|Any CPU
		{BEE3DAB8-2500-42A6-AD79-997448731D9B}.Release|Any CPU.ActiveCfg = Release|Any CPU
		{BEE3DAB8-2500-42A6-AD79-997448731D9B}.Release|Any CPU.Build.0 = Release|Any CPU
		{E0E40B8C-C468-462F-B08F-8BE7714E469C}.Debug|Any CPU.ActiveCfg = Debug|Any CPU
		{E0E40B8C-C468-462F-B08F-8BE7714E469C}.Debug|Any CPU.Build.0 = Debug|Any CPU
		{E0E40B8C-C468-462F-B08F-8BE7714E469C}.Release|Any CPU.ActiveCfg = Release|Any CPU
		{E0E40B8C-C468-462F-B08F-8BE7714E469C}.Release|Any CPU.Build.0 = Release|Any CPU
	EndGlobalSection
	GlobalSection(SolutionProperties) = preSolution
		HideSolutionNode = FALSE
	EndGlobalSection
	GlobalSection(NestedProjects) = preSolution
		{04201BED-89A5-4397-8306-B319808C52E0} = {C3091D4D-7533-4565-8941-04BB63D45058}
		{A695CA5D-D008-4969-A9A5-94557988A103} = {6C6F20E0-7962-4AA6-9E8C-F54537E1B35A}
		{E4591626-5D1C-4EEC-8B50-A37C746EC4DF} = {6C6F20E0-7962-4AA6-9E8C-F54537E1B35A}
		{4F33FB76-4878-4A4E-BD47-ED22F23B3965} = {6C6F20E0-7962-4AA6-9E8C-F54537E1B35A}
		{50909B71-6F28-4AF8-9FCD-F68DC0C523B4} = {1F93F676-0A1B-40E1-AE81-5D010122E1C2}
		{5EA394A1-C69C-40A8-968C-68FAAC298F65} = {1F93F676-0A1B-40E1-AE81-5D010122E1C2}
		{A4AEAAA3-2B8C-4270-A15E-AA8BCB8F8E62} = {1F93F676-0A1B-40E1-AE81-5D010122E1C2}
		{064C87B3-4B75-4541-9A09-BB55B60326AE} = {DA467807-51CE-4113-AEA5-85BF5247D2AA}
		{BEE3DAB8-2500-42A6-AD79-997448731D9B} = {DA467807-51CE-4113-AEA5-85BF5247D2AA}
		{E0E40B8C-C468-462F-B08F-8BE7714E469C} = {EAFD4DD1-1D35-421E-ACDB-75B19C757877}
	EndGlobalSection
	GlobalSection(ExtensibilityGlobals) = postSolution
		SolutionGuid = {8CAB4F39-B39E-4DFA-A829-E23B0539185B}
	EndGlobalSection
EndGlobal
